github.com/aws/aws-sdk-go-v2 v1.42.0 h1:XvXMJTkFQtpBKIWZnmr9ZEOc2InWM2yldjXEJ/bymhA=
github.com/aws/aws-sdk-go-v2 v1.42.0/go.mod h1:27+ACypSLljLAEKsCYOmrjKh83vuTRkuAe9Uv/3A4bg=
github.com/aws/aws-sdk-go-v2 v1.42.1 h1:9eOTgu1z/dVtYpNZ3/8/XbbaX0x/BqE3HUzAzs6K0ek=
github.com/aws/aws-sdk-go-v2 v1.42.1/go.mod h1:5pKeft2eJj+gElQ38Jqg4ibCqh+/AK33/0X3hip7IjM=
github.com/aws/aws-sdk-go-v2/aws/protocol/eventstream v1.7.13 h1:p1BBrg/Hhp6uK7zpejeI8QFXHJeC/mynzi04Sl03k9g=
github.com/aws/aws-sdk-go-v2/aws/protocol/eventstream v1.7.13/go.mod h1:8cIfkE9MDhkRZGpQ22aV6/lkYeYSozpz16Smrs5x4Ls=
github.com/aws/aws-sdk-go-v2/aws/protocol/eventstream v1.7.14 h1:3IZY0XAJquT3aHzbkHfPzy4ACPcEjVG0x87KOwtpqGY=
github.com/aws/aws-sdk-go-v2/aws/protocol/eventstream v1.7.14/go.mod h1:zwM6veDkhGgQFqkBy+uT28AAYpLu+uFMlPl+rCg/73E=
github.com/aws/aws-sdk-go-v2/config v1.32.26 h1:JI+W5B3jUA8UBz2ggbICGd9UCR6/+SB21G8EFl0SFTQ=
github.com/aws/aws-sdk-go-v2/config v1.32.26/go.mod h1:RLE2Ls/wRstvdSz1GPrIWNnXcKZ/znDdWyMuiQxdBoY=
github.com/aws/aws-sdk-go-v2/credentials v1.19.25 h1:TzPVjfUZ1hsKafvYE+DIzKXIik2KufQxsPHanlkttbo=
github.com/aws/aws-sdk-go-v2/credentials v1.19.25/go.mod h1:K4hw0buguVvtC74HnVfTRr0LzQQHAWPqJbBU9QGk2Pg=
github.com/aws/aws-sdk-go-v2/feature/ec2/imds v1.18.29 h1:r6qZHbT+wxgWO/e9vYNUEtg7lv5+UN3pRqKhLXvnArg=
github.com/aws/aws-sdk-go-v2/feature/ec2/imds v1.18.29/go.mod h1:QRnaRcTVGKPGRy8w78HMQtKUGRYcnMZAANATkeVA6Mo=
github.com/aws/aws-sdk-go-v2/internal/configsources v1.4.29 h1:f3vKqSo13fhTYb+JEcXwXefZQE26I1FB5eTSniU67ko=
github.com/aws/aws-sdk-go-v2/internal/configsources v1.4.29/go.mod h1:MzoLFUArKGpGD+ukmPiTPG1X5x4o6M2kq4v2dr1FiEc=
github.com/aws/aws-sdk-go-v2/internal/configsources v1.4.30 h1:xM/Is9cKMHa8Jj8zkvWhvrFkZsXJV9E+BB4g0HW0duQ=
github.com/aws/aws-sdk-go-v2/internal/configsources v1.4.30/go.mod h1:WueJeNDZvK1fMYEWJIkcivBfEzUkTpBhzlrUKKY8EuA=
github.com/aws/aws-sdk-go-v2/internal/endpoints/v2 v2.7.29 h1:RdwIf/CuUsvJX3RgJagbOyotl/cxoLY4xviKuE7p2GY=
github.com/aws/aws-sdk-go-v2/internal/endpoints/v2 v2.7.29/go.mod h1:71wt8W2EgswdZy9Mf9KNnzxZ3TiZlv4caKghPktDOkA=
github.com/aws/aws-sdk-go-v2/internal/endpoints/v2 v2.7.30 h1:jn46zC9LdsVR/ZpMIJqMqb8hHv31BlLx3ulVqNspUOk=
github.com/aws/aws-sdk-go-v2/internal/endpoints/v2 v2.7.30/go.mod h1:1hTMsAgbdS/AtUi4bw8+gUuh1pceo+eXRLfpSuSQj3M=
github.com/aws/aws-sdk-go-v2/internal/v4a v1.4.30 h1:VTGy885W5DKBxWRUJbym9hytNaYzsyaPkCHGRRMAOhU=
github.com/aws/aws-sdk-go-v2/internal/v4a v1.4.30/go.mod h1:AS0HycUvJRFvTt613AYDOgO2jzw+00cVSMny8XB3yMY=
github.com/aws/aws-sdk-go-v2/internal/v4a v1.4.31 h1:3GUprIsfmGcC5SACIyB0e7E0BM1O1b3Erl5CePYIAeQ=
github.com/aws/aws-sdk-go-v2/internal/v4a v1.4.31/go.mod h1:7PuV1yl5e2xnUbm+RqvVg5i2iBM8EyijZNoI9wsOoOc=
github.com/aws/aws-sdk-go-v2/service/acm v1.42.0 h1:7edX4+1+1jjfLv4o/fOZYd/eGWcnixjORXHhirbf7NQ=
github.com/aws/aws-sdk-go-v2/service/acm v1.42.0/go.mod h1:0HVmvx7Fvvqg+fXgDm66ye6/IF0NKccKS+UkuJyRjpI=
github.com/aws/aws-sdk-go-v2/service/apigateway v1.41.0 h1:n430h8pSuH+qBzZRU0rhuLARroIYjgr3B2lTxl9lO5E=
github.com/aws/aws-sdk-go-v2/service/apigateway v1.41.0/go.mod h1:z2J+G0uyTDXLfbR5i1wct6wpULIqh6YFoeeul9kzcqA=
github.com/aws/aws-sdk-go-v2/service/apigatewayv2 v1.36.0 h1:P6m/F7TZBIVJNQt+fI1Prt3y4tMRaBSd8CWdUS5a7qA=
github.com/aws/aws-sdk-go-v2/service/apigatewayv2 v1.36.0/go.mod h1:3GU3RMoNjUKXg6GDelv+7bIiJGqk6JXUTmMlvc6+SrU=
github.com/aws/aws-sdk-go-v2/service/appsync v1.55.0 h1:dC9FAtGVM7TXOh+8Z0GS9yj9FaGcSBkJsA5D22Xl+dQ=
github.com/aws/aws-sdk-go-v2/service/appsync v1.55.0/go.mod h1:zRq7tfgqOsclvS3FjjKcvQRWOmcMfhJgje2F9hkQtZ0=
github.com/aws/aws-sdk-go-v2/service/athena v1.59.0 h1:s2CbOBPESon78rnO7OUoY8sVKYHr/B5yVk5JPbLUITU=
github.com/aws/aws-sdk-go-v2/service/athena v1.59.0/go.mod h1:T0Gh/6hdclavTDygr544bGGSbmYYnN7sVcfy8PWDqSo=
github.com/aws/aws-sdk-go-v2/service/backup v1.58.0 h1:RJ4OZwjQwWQWCRwwrX2UUBpQkS60VhIe36O6SJAp6PA=
github.com/aws/aws-sdk-go-v2/service/backup v1.58.0/go.mod h1:aEBLhdyvJQTLTtUJfwpb5ABLfQAfRVJXgg3H96Mv7Pg=
github.com/aws/aws-sdk-go-v2/service/batch v1.67.0 h1:amCRVhE7xgdElZrfKzQ8PvWMzRsXT8j+0ereSPQB2jI=
github.com/aws/aws-sdk-go-v2/service/batch v1.67.0/go.mod h1:xAqGFEks3zOMleaWMlPj8WiRL1hrZCgLKctJde6Sn3U=
github.com/aws/aws-sdk-go-v2/service/bedrockruntime v1.55.0 h1:0JkGZNbthQg7qDHXW+/bmPsCVXU7S4qACRCL1+1ZkYo=
github.com/aws/aws-sdk-go-v2/service/bedrockruntime v1.55.0/go.mod h1:RRUdkfdYMMT5wzMXS7pZ6JvsrW1e9XqJgKQq2ie3rIk=
github.com/aws/aws-sdk-go-v2/service/cloudformation v1.74.0 h1:mWbzz2E7by3nkSxvYngjI2TH98LYLcPthkXbJNtSb3A=
github.com/aws/aws-sdk-go-v2/service/cloudformation v1.74.0/go.mod h1:CbJ+8eU/zw2k8QilzLNmJvqn5ExnhtcdV1yPr4HmMYA=
github.com/aws/aws-sdk-go-v2/service/cloudfront v1.66.0 h1:eLjzCTOliWsaGVYqNrC09kSxFrkAsxH4P3mtqSSWduA=
github.com/aws/aws-sdk-go-v2/service/cloudfront v1.66.0/go.mod h1:RM8kKDMKT2tymx6ZazxukmFTvuhjcYIuAS3MgdKfEdc=
github.com/aws/aws-sdk-go-v2/service/cloudtrail v1.57.0 h1:Ww19rIXIy39XwYDNWjfSujU36GrI3rpBZvNqYJ5SE3w=
github.com/aws/aws-sdk-go-v2/service/cloudtrail v1.57.0/go.mod h1:WbDasAgg1UxPx3TjF9wsbDKCXTcI4jsB5synkB8CCB8=
github.com/aws/aws-sdk-go-v2/service/cloudwatch v1.62.0 h1:wvV1Dd0OGEMYsLkDrFVxk0c/hOhdiXCuBLTaeHsW/Vc=
github.com/aws/aws-sdk-go-v2/service/cloudwatch v1.62.0/go.mod h1:lipiF9DI3EmTTkEn2sgLug3iEO1dXM50FDFooey6vYU=
github.com/aws/aws-sdk-go-v2/service/codebuild v1.71.0 h1:1owpvMLjLDdCy+NKM+JC8oFIHkLvZKwDZJONUHqXLaY=
github.com/aws/aws-sdk-go-v2/service/codebuild v1.71.0/go.mod h1:1ZCte/owHgsdIv9R0IbrVTtv/orZ/KcZoo0l9/QhTKg=
github.com/aws/aws-sdk-go-v2/service/codedeploy v1.37.0 h1:aM4scdjy3EwjCl266kBMACa3q0j+ER7CZ8WrVujZC2Q=
github.com/aws/aws-sdk-go-v2/service/codedeploy v1.37.0/go.mod h1:Xtjzn0NHOCb8Uf+KCv9fWSVHfJdli4yRox6S/QFXh2U=
github.com/aws/aws-sdk-go-v2/service/codepipeline v1.48.0 h1:pRwraefKZSh1FgVK278h+Rru31K6qFYPI1pciOsan60=
github.com/aws/aws-sdk-go-v2/service/codepipeline v1.48.0/go.mod h1:TauWDdo/zCElLORUQcUb8JkIxoNrctD03ECepck6/oc=
github.com/aws/aws-sdk-go-v2/service/cognitoidentityprovider v1.64.0 h1:JCOv8Kq70lKneUGmA3C0suhpZ2wdvEfWhEV65EJ0B2g=
github.com/aws/aws-sdk-go-v2/service/cognitoidentityprovider v1.64.0/go.mod h1:a5X5qds6BTk0qIdRdN7iQVk6NdcMMF60OSyQzO/bjao=
github.com/aws/aws-sdk-go-v2/service/comprehend v1.42.0 h1:z0MoTfFSBz0jKtSAJVcI380r2819oeaVKW173BnuPOs=
github.com/aws/aws-sdk-go-v2/service/comprehend v1.42.0/go.mod h1:UdCyczPML2P8GIITackjWHDzs7/Y8CNtg+vTjeDEpYA=
github.com/aws/aws-sdk-go-v2/service/docdb v1.50.0 h1:xz6r3jUXV/npTzjsviz2f+CtjafE3gHqnEsukysRA+0=
github.com/aws/aws-sdk-go-v2/service/docdb v1.50.0/go.mod h1:ssjm99OPoiqhDFKOLDHqI9KYH41FFuYbWUSJIuaZzdc=
github.com/aws/aws-sdk-go-v2/service/dynamodb v1.60.0 h1:wnyC01GGkqvRvVI73+xRTr8qDyIZMzqjHlsFqWUUVSo=
github.com/aws/aws-sdk-go-v2/service/dynamodb v1.60.0/go.mod h1:HnWoC3m6VmjUSg+kBL6OgQsXdyRAGzBYWb7B3J2f+JM=
github.com/aws/aws-sdk-go-v2/service/ec2 v1.312.0 h1:w7A3oil4Im9VOV6fmodiBB0UyIAC/F0pu+oaYpyHkPs=
github.com/aws/aws-sdk-go-v2/service/ec2 v1.312.0/go.mod h1:eoF0SIRbTgKWnTcTPYckiURPba/7ilfEkvwL4V1iHK4=
github.com/aws/aws-sdk-go-v2/service/ecr v1.59.0 h1:H1dHU54MQVblAmsvlIfMdJmXyDKFSKnHrCmaWqwQ0Vs=
github.com/aws/aws-sdk-go-v2/service/ecr v1.59.0/go.mod h1:UzfjIuiQOpusteIHBCLIikQpxh8ctmdQCvSWWzbcYYI=
github.com/aws/aws-sdk-go-v2/service/ecs v1.87.0 h1:K9vwX43Pmd88cOQDG54Ir1qVNWxZhjFUlwPemv60cis=
github.com/aws/aws-sdk-go-v2/service/ecs v1.87.0/go.mod h1:FZTiizNr2CG5myXP2I8pyCWM0/k4uwAnZXMkmjxgE3o=
github.com/aws/aws-sdk-go-v2/service/efs v1.43.0 h1:xjRmCnQn7Yo+hgMzrEShD2d6T7IA/+Lo+iot5DIDa9M=
github.com/aws/aws-sdk-go-v2/service/efs v1.43.0/go.mod h1:yXgsIt7Lw+d8V7khvXEXvIoziyW65xfJhr7Fb9U8Kao=
github.com/aws/aws-sdk-go-v2/service/eks v1.89.0 h1:2rXSpHip1JtEBUHZadi5ydeaMtkWUey30NkGuRgToIQ=
github.com/aws/aws-sdk-go-v2/service/eks v1.89.0/go.mod h1:MSAmCaKIo6Ph/yg73tj8/HZnILwyk4Px2tXfL4PO/HQ=
github.com/aws/aws-sdk-go-v2/service/elasticache v1.55.0 h1:aIfwo2WwNv4Ya/wdg6X7oCVkCjVzACErH/BSsy7EQGM=
github.com/aws/aws-sdk-go-v2/service/elasticache v1.55.0/go.mod h1:roYWQ6ZmGI1VshRoopJCfMYdDgI1z4ArMtTOJJjsHXg=
github.com/aws/aws-sdk-go-v2/service/elasticbeanstalk v1.36.0 h1:eCZe1IXpFNU7j8rm9Bgx23JtuoCpXJqswwzkqWg0Fr8=
github.com/aws/aws-sdk-go-v2/service/elasticbeanstalk v1.36.0/go.mod h1:7H1I3ocX8Q1eJX+MScKM1fi7tkqaAn2U7J/lPJop8cQ=
github.com/aws/aws-sdk-go-v2/service/emr v1.62.0 h1:BBAc0aQY6+sAMwK17qBzGNHfPbHqdtT/+xAG6F4DwD0=
github.com/aws/aws-sdk-go-v2/service/emr v1.62.0/go.mod h1:heyYuxC4qXTmrZ+A2D7iweWms/0AS7zPmM2dwqju+eA=
github.com/aws/aws-sdk-go-v2/service/eventbridge v1.47.0 h1:LuPLDBMCmldgg779sq8swfEdRNMeKlaT852uxKYCOkk=
github.com/aws/aws-sdk-go-v2/service/eventbridge v1.47.0/go.mod h1:3g/foYPw/4CT8yV7/A1QsbvnhDZW/2x2uzl4vkqX49o=
github.com/aws/aws-sdk-go-v2/service/firehose v1.45.0 h1:No8p3wbFBp94zxaYXjDUxR2wdhXocJa2etihNyuxE+4=
github.com/aws/aws-sdk-go-v2/service/firehose v1.45.0/go.mod h1:wbrcmlTkgaD9bkM2qcJ4KQTcfk7b++3hJLAXp/nvQ0I=
github.com/aws/aws-sdk-go-v2/service/glue v1.148.0 h1:Hvbn809LAadDCCp2GF43nxdnFyDLpkCnkwrObglLMl4=
github.com/aws/aws-sdk-go-v2/service/glue v1.148.0/go.mod h1:WN3fnq0YuV4TEG5y30MN5ejq3PQILOo+9MM3G504jH8=
github.com/aws/aws-sdk-go-v2/service/iam v1.55.0 h1:yHGUjdpLS+QrE/2UypKn2yNGuAJJQELYzjQ/5qL1Eu4=
github.com/aws/aws-sdk-go-v2/service/iam v1.55.0/go.mod h1:5H/UUroHvcKm6l2qaqh3CMM6R9K91ls8Y8rVX6cG3ts=
github.com/aws/aws-sdk-go-v2/service/internal/accept-encoding v1.13.12 h1:ZD2+BSw9vFsNlKYIasSNt3uDbjqqXIBcM13UJv/Lx2k=
github.com/aws/aws-sdk-go-v2/service/internal/accept-encoding v1.13.12/go.mod h1:Ms4zlcVBbXbiP7EVLhl+lgjvA/a7YphqQ3Ih3174EmI=
github.com/aws/aws-sdk-go-v2/service/internal/accept-encoding v1.13.13 h1:mbRIur/BiHK6SKPjoBIXSE/hJ6g6JGRLuxQy1jGjlN4=
github.com/aws/aws-sdk-go-v2/service/internal/accept-encoding v1.13.13/go.mod h1:ITg9em2KbJx1s0y4aqRX5OYWG6HBZ5TVR//OdpEZ2CQ=
github.com/aws/aws-sdk-go-v2/service/internal/checksum v1.9.22 h1:V51LGlOq/1VsDsHUdoklAQi7rMmx4qQubvFYAlP2254=
github.com/aws/aws-sdk-go-v2/service/internal/checksum v1.9.22/go.mod h1:4Pzhyz8hJOm2bepgl+NjvRx8vlUFAIIvJnZ/MkcNPpU=
github.com/aws/aws-sdk-go-v2/service/internal/checksum v1.9.23 h1:9Fjh6fi/U5JEStVZijmaMpUwE/gvBJj7x2B/PjbO9To=
github.com/aws/aws-sdk-go-v2/service/internal/checksum v1.9.23/go.mod h1:iMoT2f1tClxrWAAnKCXjZQ6LOmfLrMG14wmnWpM+F14=
github.com/aws/aws-sdk-go-v2/service/internal/endpoint-discovery v1.12.7 h1:uqsKxr7kJp9DXVj2m8KbVeZcYMuwsNEwvoVrYl2Vpf8=
github.com/aws/aws-sdk-go-v2/service/internal/endpoint-discovery v1.12.7/go.mod h1:Js/P8Zbwe1mRejnD+OpFLyQiJ8ioQlo3GMAg7Dfxk7w=
github.com/aws/aws-sdk-go-v2/service/internal/presigned-url v1.13.29 h1:DRebniUGZ2MqiiIVmQJ04vIXr918hubdHMnarSLEWyU=
github.com/aws/aws-sdk-go-v2/service/internal/presigned-url v1.13.29/go.mod h1:LfRkPCD8YHDM2E5eTkos2UpwYeZnBcVarTa8L59bJHA=
github.com/aws/aws-sdk-go-v2/service/internal/presigned-url v1.13.30 h1:/Z5jmNrKsSD7EmDjzAPsm/3L9IuOkzaynklJZ1qX7S4=
github.com/aws/aws-sdk-go-v2/service/internal/presigned-url v1.13.30/go.mod h1:lEzEZnOosE7zi8Z6royW1cFJTD9fpab4Ul1SBrllewk=
github.com/aws/aws-sdk-go-v2/service/internal/s3shared v1.19.30 h1:4HbXxyipSYxexU0juMIpdS05dilL6dbB2VQHxxN2vGU=
github.com/aws/aws-sdk-go-v2/service/internal/s3shared v1.19.30/go.mod h1:G7RP+uhagpKtKhd1BM9N6JQqjCcGEU47K5lBVZQyRQw=
github.com/aws/aws-sdk-go-v2/service/internal/s3shared v1.19.31 h1:uao4A3QZ5UmB326V6KF+qRpv9Tjz7IlnlnTbbANntlU=
github.com/aws/aws-sdk-go-v2/service/internal/s3shared v1.19.31/go.mod h1:I/1+z0VwL1GhQyLgkoHDlygpUZ+iTAwOQ/NsftiUL2I=
github.com/aws/aws-sdk-go-v2/service/kinesis v1.45.0 h1:1ltyLrvXMTbqvYTaAwXm7iB+JlJbke2EHjCjgJhpzuQ=
github.com/aws/aws-sdk-go-v2/service/kinesis v1.45.0/go.mod h1:aFYRKIJ6e+fiPVotbsMreEWD10wJUF68crYlSjoGz+E=
github.com/aws/aws-sdk-go-v2/service/kms v1.54.0 h1:XOfYhrscVxDr0fLbgA4lE5UbQh5w9t+eva8bZu4q6wY=
github.com/aws/aws-sdk-go-v2/service/kms v1.54.0/go.mod h1:0RXNc6Yf3AvSMldGD6Lcch96Ojlw2TtGnHsqfD/L4u8=
github.com/aws/aws-sdk-go-v2/service/lambda v1.95.0 h1:2qOjgY0VIYKswQDmpD9g8y5E0HAqENXgVysMIp/akKQ=
github.com/aws/aws-sdk-go-v2/service/lambda v1.95.0/go.mod h1:gKWVtxlMTgoLU9m6FDw7z6FAEFh8u8CoaPJx0zWk5J8=
github.com/aws/aws-sdk-go-v2/service/neptune v1.47.0 h1:xdUdb47CIxkF1fqcstLJqCjA5Ej7GAQ4KTBY3idTzVo=
github.com/aws/aws-sdk-go-v2/service/neptune v1.47.0/go.mod h1:6CVudUF7F1bPxbZ8aeMBAAJRefkMwVdNDyzWqy4fsfs=
github.com/aws/aws-sdk-go-v2/service/opensearch v1.74.0 h1:HEqOuIakrhUHgRt9dqayCkGRvJoE7q6J8TGWNSTBIGk=
github.com/aws/aws-sdk-go-v2/service/opensearch v1.74.0/go.mod h1:ESVhnGt6gZMcitF7aXN5/nTNZfGSy61QV+B0ovHEDxc=
github.com/aws/aws-sdk-go-v2/service/organizations v1.52.0 h1:QkRHkpsu74WG3sfEv9AK0PssE+kRO25ZPXNtgeN9iDE=
github.com/aws/aws-sdk-go-v2/service/organizations v1.52.0/go.mod h1:2ibX1FoyhvTXbIR4TP/Vf6BB6Tc3YW9jWbvNflSOcUM=
github.com/aws/aws-sdk-go-v2/service/rds v1.120.0 h1:lcdg2xWh2uvnOl/pKdb5P9CwuZzml9MUN3dRwKcG23k=
github.com/aws/aws-sdk-go-v2/service/rds v1.120.0/go.mod h1:Ve7qHa8jBmStKNz/oaxs2yBuFnwyvN0k/8PpPZVxkEY=
github.com/aws/aws-sdk-go-v2/service/redshift v1.64.0 h1:JsOxDgBT/zOhyMuuvrR3mk1VyU4VMI+zRxTHuudBDzM=
github.com/aws/aws-sdk-go-v2/service/redshift v1.64.0/go.mod h1:AlZ/mczGeCw1ZQ/A/aRF7uDCOkXypCjtP29Ckoy+KnU=
github.com/aws/aws-sdk-go-v2/service/rekognition v1.53.0 h1:wpKPRY/u4I/nEvFIcYidIBxZi6EyQPBPDlvTh5lPQvQ=
github.com/aws/aws-sdk-go-v2/service/rekognition v1.53.0/go.mod h1:7007IvDogq7Brru4mFYBemFoj84xjSwW8ylySjYECNo=
github.com/aws/aws-sdk-go-v2/service/route53 v1.64.0 h1:AYtTCOexiOMbe6Ier86t7Jfc8191htzChnNyg027PMo=
github.com/aws/aws-sdk-go-v2/service/route53 v1.64.0/go.mod h1:0hIRXFez1bZsDFMGkLZvNJbByTSVZ4sFZWpxZ39NPuM=
github.com/aws/aws-sdk-go-v2/service/s3 v1.104.1 h1:yb03KevaOAG5e8suo79Af74vjIQvoeKmjl79WQchLrs=
github.com/aws/aws-sdk-go-v2/service/s3 v1.104.1/go.mod h1:mreYODw0Y4yv7xeczvqC6vciwFao8lPE9k1l1ulfY6E=
github.com/aws/aws-sdk-go-v2/service/s3 v1.105.0 h1:XptwLL+UHXgafYMIHTy59IRovLbhz3znkxY2uS/pbXU=
github.com/aws/aws-sdk-go-v2/service/s3 v1.105.0/go.mod h1:zdmCoFO/dSI7GlrwsPqFJI+WlFnSU4Tc8TJnlXrM1Do=
github.com/aws/aws-sdk-go-v2/service/sagemaker v1.257.0 h1:AjmVRphbA9OREBmvmlIIzLN4hk0kgP2egsY9Lwja5fY=
github.com/aws/aws-sdk-go-v2/service/sagemaker v1.257.0/go.mod h1:CivQlQhQJ/KgONEX70dPCPtPls/vHyhGHiqY5o1GSCw=
github.com/aws/aws-sdk-go-v2/service/secretsmanager v1.43.0 h1:5RbF+fv7+6MU1ImSFQHGHT0RDOkABOM9I9Y71/cRNcM=
github.com/aws/aws-sdk-go-v2/service/secretsmanager v1.43.0/go.mod h1:oUyL28WfxY0RqPhFpkrWZx26Cu4JlyrWMMcWq8qqhi0=
github.com/aws/aws-sdk-go-v2/service/sfn v1.44.0 h1:4v05JQSOFrZ1TB+kKs+cv16LBJP3UvniiMysb3CJn5o=
github.com/aws/aws-sdk-go-v2/service/sfn v1.44.0/go.mod h1:rSGTfHDlX6qAZG6eJ5p81Z1vXTnV65ejnIYW6G2/PHo=
github.com/aws/aws-sdk-go-v2/service/signin v1.2.1 h1:BeJmkm5YOZs6lGRGcNoIuLSoTTtGLLCEqlSiRKYodfM=
github.com/aws/aws-sdk-go-v2/service/signin v1.2.1/go.mod h1:LxYujSTLPRlp2vTtcUO/+1ilrew8ytt6SvQyOgejzFQ=
github.com/aws/aws-sdk-go-v2/service/sns v1.41.0 h1:GT6QdvVfByxl1/AJQe7PNbLtQDj0kmFTgx0eU2tLrKo=
github.com/aws/aws-sdk-go-v2/service/sns v1.41.0/go.mod h1:5EnTxMpMVeiY0vcjjN/a958FFaHrS6XfXcyRBzDKDCE=
github.com/aws/aws-sdk-go-v2/service/sqs v1.45.0 h1:k1aaG71RTEqSWNy1LWkKtSRT2G36x2/HbU+nu54uXpc=
github.com/aws/aws-sdk-go-v2/service/sqs v1.45.0/go.mod h1:JISE0m3JPVhirZEVIAUyK4C62n87tU4BZmUa9Ozc2to=
github.com/aws/aws-sdk-go-v2/service/ssm v1.70.0 h1:JKxM6AmSmPqcsGXX/urJRBUi9r5Ha54wvGDFKgO4+e4=
github.com/aws/aws-sdk-go-v2/service/ssm v1.70.0/go.mod h1:xabzRvdbMs3FG9kU5M6RUOuCW6wXDkpdIqoXXNzA1nQ=
github.com/aws/aws-sdk-go-v2/service/sso v1.31.4 h1:i465b/3c7xJd++pobNIDOggouekCuiWOnB0goQJy+94=
github.com/aws/aws-sdk-go-v2/service/sso v1.31.4/go.mod h1:Lk7PlmoTYryQmyBG0EXqj5BcUbj3whXdU2s3yGI3EAc=
github.com/aws/aws-sdk-go-v2/service/ssooidc v1.36.7 h1:xbmJAnBbyYPkTzoCNCF/bpJ6ymQHRdXX1vquYfDIGYk=
github.com/aws/aws-sdk-go-v2/service/ssooidc v1.36.7/go.mod h1:Q5N6icH+KJZDLh+ESNwzdv6cZ6vLFF/egy3IOxWhmz4=
github.com/aws/aws-sdk-go-v2/service/sts v1.43.4 h1:Np0vmL7op0Zs5xGacYMMX3v5O5pvZ46xhb5LwDgPj8M=
github.com/aws/aws-sdk-go-v2/service/sts v1.43.4/go.mod h1:r8wkDOuLaaMFqFiYAb8dGY2A3gJCOujMc6CFOVC4Zhc=
github.com/aws/aws-sdk-go-v2/service/sts v1.44.0 h1:bLZ0PolJ8J+HkJHztcXORUpHXBye2U8298lCEMi6ZCU=
github.com/aws/aws-sdk-go-v2/service/sts v1.44.0/go.mod h1:9gdl4RrflIdpDb2TlXshWgR1F9TeCkvqDx77Vpr4Z/Q=
github.com/aws/aws-sdk-go-v2/service/textract v1.42.0 h1:kneFvRNav2YV5hiId4ENYh/prQ4oilcs6ZwD+1Twakk=
github.com/aws/aws-sdk-go-v2/service/textract v1.42.0/go.mod h1:PSwBbxDnhiPnqHOZgCuhZ7fljHgDXvyiLv2RUwYgz7g=
github.com/aws/aws-sdk-go-v2/service/transcribe v1.57.0 h1:X3TzrR/x7RpzRdwKAklyiQB0Wzk2w1alWfCql3Ws6xU=
github.com/aws/aws-sdk-go-v2/service/transcribe v1.57.0/go.mod h1:AYixlNMP4RH5e35m/ct2RM/O8qc0e/YDK5jrb/QkAtU=
github.com/aws/aws-sdk-go-v2/service/wafv2 v1.75.0 h1:3rmpSTILYZUQ5huFXi1nMshbE8F8azH16q2FQAVG8ls=
github.com/aws/aws-sdk-go-v2/service/wafv2 v1.75.0/go.mod h1:Cuh3JdPDG2hfo+PG8suOaJ6XsEChA7f8fHxUR6+dxFU=
github.com/aws/smithy-go v1.27.1 h1:4T340VFndXtADGF52gYa1POyL7s9E4Z1OeZ1hCscIw8=
github.com/aws/smithy-go v1.27.1/go.mod h1:YE2RhdIuDbA5E5bTdciG9KrW3+TiEONeUWCqxX9i1Fc=
github.com/aws/smithy-go v1.27.3 h1:F3Zb497UhhskkfpJmfkXswyo+t0sh9OTBnIHjogWbVY=
github.com/aws/smithy-go v1.27.3/go.mod h1:YE2RhdIuDbA5E5bTdciG9KrW3+TiEONeUWCqxX9i1Fc=
github.com/davecgh/go-spew v1.1.1 h1:vj9j/u1bqnvCEfJOwUhtlOARqs3+rkHYY13jYWTU97c=
github.com/davecgh/go-spew v1.1.1/go.mod h1:J7Y8YcW2NihsgmVo/mv3lAwl/skON4iLHjSsI+c5H38=
github.com/golang-jwt/jwt/v5 v5.3.1 h1:kYf81DTWFe7t+1VvL7eS+jKFVWaUnK9cB1qbwn63YCY=
github.com/golang-jwt/jwt/v5 v5.3.1/go.mod h1:fxCRLWMO43lRc8nhHWY6LGqRcf+1gQWArsqaEUEa5bE=
github.com/google/go-cmp v0.7.0 h1:wk8382ETsv4JYUZwIsn6YpYiWiBsYLSJiTsyBybVuN8=
github.com/google/go-cmp v0.7.0/go.mod h1:pXiqmnSA92OHEEa9HXL2W4E7lf9JzCmGVUdgjX3N/iU=
github.com/google/jsonschema-go v0.4.3 h1:/DBOLZTfDow7pe2GmaJNhltueGTtDKICi8V8p+DQPd0=
github.com/google/jsonschema-go v0.4.3/go.mod h1:r5quNTdLOYEz95Ru18zA0ydNbBuYoo9tgaYcxEYhJVE=
github.com/modelcontextprotocol/go-sdk v1.6.1 h1:0zOSupjKUxPKSocPT1Wtago+mUHU2/uZ4xSOY0FGReU=
github.com/modelcontextprotocol/go-sdk v1.6.1/go.mod h1:kzm3kzFL1/+AziGOE0nUs3gvPoNxMCvkxokMkuFapXQ=
github.com/pmezard/go-difflib v1.0.0 h1:4DBwDE0NGyQoBHbLQYPwSUPoCMWR5BEzIk/f1lZbAQM=
github.com/pmezard/go-difflib v1.0.0/go.mod h1:iKH77koFhYxTK1pcRnkKkqfTogsbg7gZNVY4sRDYZ/4=
github.com/segmentio/asm v1.1.3 h1:WM03sfUOENvvKexOLp+pCqgb/WDjsi7EK8gIsICtzhc=
github.com/segmentio/asm v1.1.3/go.mod h1:Ld3L4ZXGNcSLRg4JBsZ3//1+f/TjYl0Mzen/DQy1EJg=
github.com/segmentio/encoding v0.5.4 h1:OW1VRern8Nw6ITAtwSZ7Idrl3MXCFwXHPgqESYfvNt0=
github.com/segmentio/encoding v0.5.4/go.mod h1:HS1ZKa3kSN32ZHVZ7ZLPLXWvOVIiZtyJnO1gPH1sKt0=
github.com/stretchr/testify v1.11.1 h1:7s2iGBzp5EwR7/aIZr8ao5+dra3wiQyKjjFuvgVKu7U=
github.com/stretchr/testify v1.11.1/go.mod h1:wZwfW3scLgRK+23gO65QZefKpKQRnfz6sD981Nm4B6U=
github.com/urfave/cli/v3 v3.10.1 h1:7Kx9H50hrHbRbyxgO1KP6/BcbiGRz0uYh5YyQ30JEEY=
github.com/urfave/cli/v3 v3.10.1/go.mod h1:ysVLtOEmg2tOy6PknnYVhDoouyC/6N42TMeoMzskhso=
github.com/yosida95/uritemplate/v3 v3.0.2 h1:Ed3Oyj9yrmi9087+NczuL5BwkIc4wvTb5zIM+UJPGz4=
github.com/yosida95/uritemplate/v3 v3.0.2/go.mod h1:ILOh0sOhIJR3+L/8afwt/kE++YT040gmv5BQTMR2HP4=
golang.org/x/oauth2 v0.35.0 h1:Mv2mzuHuZuY2+bkyWXIHMfhNdJAdwW3FuWeCPYN5GVQ=
golang.org/x/oauth2 v0.35.0/go.mod h1:lzm5WQJQwKZ3nwavOZ3IS5Aulzxi68dUSgRHujetwEA=
golang.org/x/sys v0.41.0 h1:Ivj+2Cp/ylzLiEU89QhWblYnOE9zerudt9Ftecq2C6k=
golang.org/x/sys v0.41.0/go.mod h1:OgkHotnGiDImocRcuBABYBEXf8A9a87e/uXjp9XT3ks=
golang.org/x/tools v0.42.0 h1:uNgphsn75Tdz5Ji2q36v/nsFSfR/9BRFvqhGBaJGd5k=
golang.org/x/tools v0.42.0/go.mod h1:Ma6lCIwGZvHK6XtgbswSoWroEkhugApmsXyrUmBhfr0=
gopkg.in/yaml.v3 v3.0.1 h1:fxVm/GzAzEWqLHuvctI91KS9hhNmmWOoWu0XTYJS7CA=
gopkg.in/yaml.v3 v3.0.1/go.mod h1:K4uyk7z7BCEPqu6E+C64Yfv1cQ7kz7rIZviUmN+EgEM=
